
Microsoft Visual Studio Solution File, Format Version 12.00
# Visual Studio 15
VisualStudioVersion = 15.0.28010.2003
MinimumVisualStudioVersion = 10.0.40219.1
Project("{8BC9CEB8-8B4A-11D0-8D11-00A0C91BC942}") = "TP_Pendu_VS", "TP_Pendu_VS\TP_Pendu_VS.vcxproj", "{759E8C26-41F9-4276-A799-518BBA5D3418}"
EndProject
Global
	GlobalSection(SolutionConfigurationPlatforms) = preSolution
		Debug|x64 = Debug|x64
		Debug|x86 = Debug|x86
		Release|x64 = Release|x64
		Release|x86 = Release|x86
	EndGlobalSection
	GlobalSection(ProjectConfigurationPlatforms) = postSolution
		{759E8C26-41F9-4276-A799-518BBA5D3418}.Debug|x64.ActiveCfg = Debug|x64
		{759E8C26-41F9-4276-A799-518BBA5D3418}.Debug|x64.Build.0 = Debug|x64
		{759E8C26-41F9-4276-A799-518BBA5D3418}.Debug|x86.ActiveCfg = Debug|Win32
		{759E8C26-41F9-4276-A799-518BBA5D3418}.Debug|x86.Build.0 = Debug|Win32
		{759E8C26-41F9-4276-A799-518BBA5D3418}.Release|x64.ActiveCfg = Release|x64
		{759E8C26-41F9-4276-A799-518BBA5D3418}.Release|x64.Build.0 = Release|x64
		{759E8C26-41F9-4276-A799-518BBA5D3418}.Release|x86.ActiveCfg = Release|Win32
		{759E8C26-41F9-4276-A799-518BBA5D3418}.Release|x86.Build.0 = Release|Win32
	EndGlobalSection
	GlobalSection(SolutionProperties) = preSolution
		HideSolutionNode = FALSE
	EndGlobalSection
	GlobalSection(ExtensibilityGlobals) = postSolution
		SolutionGuid = {D4D5ADFF-1B80-4CF3-8249-30DB11B06051}
	EndGlobalSection
EndGlobal
